
Microsoft Visual Studio Solution File, Format Version 12.00
Project("{FAE04EC0-301F-11D3-BF4B-00C04F79EFBC}") = "CacheLineBenchmark", "CacheLineBenchmark\CacheLineBenchmark.csproj", "{C2F4FEEF-4C2F-4C65-B897-A2A0B4AF8629}"
EndProject
Project("{FAE04EC0-301F-11D3-BF4B-00C04F79EFBC}") = "FalseSharingBenchmark", "FalseSharingBenchmark\FalseSharingBenchmark.csproj", "{87FB1E99-ADC7-47EA-8206-14D8A60E46FE}"
EndProject
Project("{FAE04EC0-301F-11D3-BF4B-00C04F79EFBC}") = "VirtualDispatchBenchmark", "VirtualDispatchBenchmark\VirtualDispatchBenchmark.csproj", "{656E92B9-60EB-49FD-9FFD-7232E21118AA}"
EndProject
Project("{FAE04EC0-301F-11D3-BF4B-00C04F79EFBC}") = "IndirectCallBenchmark", "IndirectCallBenchmark\IndirectCallBenchmark.csproj", "{58A0F41C-017B-404E-97B4-381709949429}"
EndProject
Project("{FAE04EC0-301F-11D3-BF4B-00C04F79EFBC}") = "AsyncBenchmark", "AsyncBenchmark\AsyncBenchmark.csproj", "{2BD10D70-01BD-4678-AE91-1EF26E20A63E}"
EndProject
Project("{FAE04EC0-301F-11D3-BF4B-00C04F79EFBC}") = "LoopsBenchmark", "LoopsBenchmark\LoopsBenchmark.csproj", "{BBBEE2B6-9307-4E00-9E0B-81AFBA8FCC36}"
EndProject
Project("{FAE04EC0-301F-11D3-BF4B-00C04F79EFBC}") = "StructsBenchmark", "StructsBenchmark\StructsBenchmark.csproj", "{3E9E78A8-B029-4B6A-A6DC-3DE6A23CD2C5}"
EndProject
Project("{FAE04EC0-301F-11D3-BF4B-00C04F79EFBC}") = "CollectionsBenchmark", "CollectionsBenchmark\CollectionsBenchmark.csproj", "{F0183898-9BB1-47F8-97A3-034E48A2F27A}"
EndProject
Project("{FAE04EC0-301F-11D3-BF4B-00C04F79EFBC}") = "EnumsBenchmark", "EnumsBenchmark\EnumsBenchmark.csproj", "{978130C0-D7AC-4DAA-B871-563844EE239C}"
EndProject
Project("{FAE04EC0-301F-11D3-BF4B-00C04F79EFBC}") = "LinqBenchmark", "LinqBenchmark\LinqBenchmark.csproj", "{725FA5FB-4374-4DDF-93F9-1B941AD7925F}"
EndProject
Project("{FAE04EC0-301F-11D3-BF4B-00C04F79EFBC}") = "StringsBenchmark", "StringsBenchmark\StringsBenchmark.csproj", "{7A4DE4D4-8B25-4AC3-8D42-2ABA790E8769}"
EndProject
Global
	GlobalSection(SolutionConfigurationPlatforms) = preSolution
		Debug|Any CPU = Debug|Any CPU
		Release|Any CPU = Release|Any CPU
	EndGlobalSection
	GlobalSection(ProjectConfigurationPlatforms) = postSolution
		{C2F4FEEF-4C2F-4C65-B897-A2A0B4AF8629}.Debug|Any CPU.ActiveCfg = Debug|Any CPU
		{C2F4FEEF-4C2F-4C65-B897-A2A0B4AF8629}.Debug|Any CPU.Build.0 = Debug|Any CPU
		{C2F4FEEF-4C2F-4C65-B897-A2A0B4AF8629}.Release|Any CPU.ActiveCfg = Release|Any CPU
		{C2F4FEEF-4C2F-4C65-B897-A2A0B4AF8629}.Release|Any CPU.Build.0 = Release|Any CPU
		{87FB1E99-ADC7-47EA-8206-14D8A60E46FE}.Debug|Any CPU.ActiveCfg = Debug|Any CPU
		{87FB1E99-ADC7-47EA-8206-14D8A60E46FE}.Debug|Any CPU.Build.0 = Debug|Any CPU
		{87FB1E99-ADC7-47EA-8206-14D8A60E46FE}.Release|Any CPU.ActiveCfg = Release|Any CPU
		{87FB1E99-ADC7-47EA-8206-14D8A60E46FE}.Release|Any CPU.Build.0 = Release|Any CPU
		{656E92B9-60EB-49FD-9FFD-7232E21118AA}.Debug|Any CPU.ActiveCfg = Debug|Any CPU
		{656E92B9-60EB-49FD-9FFD-7232E21118AA}.Debug|Any CPU.Build.0 = Debug|Any CPU
		{656E92B9-60EB-49FD-9FFD-7232E21118AA}.Release|Any CPU.ActiveCfg = Release|Any CPU
		{656E92B9-60EB-49FD-9FFD-7232E21118AA}.Release|Any CPU.Build.0 = Release|Any CPU
		{58A0F41C-017B-404E-97B4-381709949429}.Debug|Any CPU.ActiveCfg = Debug|Any CPU
		{58A0F41C-017B-404E-97B4-381709949429}.Debug|Any CPU.Build.0 = Debug|Any CPU
		{58A0F41C-017B-404E-97B4-381709949429}.Release|Any CPU.ActiveCfg = Release|Any CPU
		{58A0F41C-017B-404E-97B4-381709949429}.Release|Any CPU.Build.0 = Release|Any CPU
		{2BD10D70-01BD-4678-AE91-1EF26E20A63E}.Debug|Any CPU.ActiveCfg = Debug|Any CPU
		{2BD10D70-01BD-4678-AE91-1EF26E20A63E}.Debug|Any CPU.Build.0 = Debug|Any CPU
		{2BD10D70-01BD-4678-AE91-1EF26E20A63E}.Release|Any CPU.ActiveCfg = Release|Any CPU
		{2BD10D70-01BD-4678-AE91-1EF26E20A63E}.Release|Any CPU.Build.0 = Release|Any CPU
		{BBBEE2B6-9307-4E00-9E0B-81AFBA8FCC36}.Debug|Any CPU.ActiveCfg = Debug|Any CPU
		{BBBEE2B6-9307-4E00-9E0B-81AFBA8FCC36}.Debug|Any CPU.Build.0 = Debug|Any CPU
		{BBBEE2B6-9307-4E00-9E0B-81AFBA8FCC36}.Release|Any CPU.ActiveCfg = Release|Any CPU
		{BBBEE2B6-9307-4E00-9E0B-81AFBA8FCC36}.Release|Any CPU.Build.0 = Release|Any CPU
		{3E9E78A8-B029-4B6A-A6DC-3DE6A23CD2C5}.Debug|Any CPU.ActiveCfg = Debug|Any CPU
		{3E9E78A8-B029-4B6A-A6DC-3DE6A23CD2C5}.Debug|Any CPU.Build.0 = Debug|Any CPU
		{3E9E78A8-B029-4B6A-A6DC-3DE6A23CD2C5}.Release|Any CPU.ActiveCfg = Release|Any CPU
		{3E9E78A8-B029-4B6A-A6DC-3DE6A23CD2C5}.Release|Any CPU.Build.0 = Release|Any CPU
		{F0183898-9BB1-47F8-97A3-034E48A2F27A}.Debug|Any CPU.ActiveCfg = Debug|Any CPU
		{F0183898-9BB1-47F8-97A3-034E48A2F27A}.Debug|Any CPU.Build.0 = Debug|Any CPU
		{F0183898-9BB1-47F8-97A3-034E48A2F27A}.Release|Any CPU.ActiveCfg = Release|Any CPU
		{F0183898-9BB1-47F8-97A3-034E48A2F27A}.Release|Any CPU.Build.0 = Release|Any CPU
		{978130C0-D7AC-4DAA-B871-563844EE239C}.Debug|Any CPU.ActiveCfg = Debug|Any CPU
		{978130C0-D7AC-4DAA-B871-563844EE239C}.Debug|Any CPU.Build.0 = Debug|Any CPU
		{978130C0-D7AC-4DAA-B871-563844EE239C}.Release|Any CPU.ActiveCfg = Release|Any CPU
		{978130C0-D7AC-4DAA-B871-563844EE239C}.Release|Any CPU.Build.0 = Release|Any CPU
		{725FA5FB-4374-4DDF-93F9-1B941AD7925F}.Debug|Any CPU.ActiveCfg = Debug|Any CPU
		{725FA5FB-4374-4DDF-93F9-1B941AD7925F}.Debug|Any CPU.Build.0 = Debug|Any CPU
		{725FA5FB-4374-4DDF-93F9-1B941AD7925F}.Release|Any CPU.ActiveCfg = Release|Any CPU
		{725FA5FB-4374-4DDF-93F9-1B941AD7925F}.Release|Any CPU.Build.0 = Release|Any CPU
		{7A4DE4D4-8B25-4AC3-8D42-2ABA790E8769}.Debug|Any CPU.ActiveCfg = Debug|Any CPU
		{7A4DE4D4-8B25-4AC3-8D42-2ABA790E8769}.Debug|Any CPU.Build.0 = Debug|Any CPU
		{7A4DE4D4-8B25-4AC3-8D42-2ABA790E8769}.Release|Any CPU.ActiveCfg = Release|Any CPU
		{7A4DE4D4-8B25-4AC3-8D42-2ABA790E8769}.Release|Any CPU.Build.0 = Release|Any CPU
	EndGlobalSection
EndGlobal
